
Microsoft Visual Studio Solution File, Format Version 12.00
# Visual Studio Version 16
VisualStudioVersion = 16.0.30204.135
MinimumVisualStudioVersion = 10.0.40219.1
Project("{FAE04EC0-301F-11D3-BF4B-00C04F79EFBC}") = "BoosterPacks", "BoosterPacks.csproj", "{B45D5269-6CF2-4C8C-A125-7AF6F7DD8491}"
EndProject
Project("{FAE04EC0-301F-11D3-BF4B-00C04F79EFBC}") = "BoosterPackClassLib", "..\BoosterPackClassLib\BoosterPackClassLib.csproj", "{ABDE0978-3616-402A-AFEF-C08DDB4EE703}"
EndProject
Global
	GlobalSection(SolutionConfigurationPlatforms) = preSolution
		Debug|Any CPU = Debug|Any CPU
		Release|Any CPU = Release|Any CPU
	EndGlobalSection
	GlobalSection(ProjectConfigurationPlatforms) = postSolution
		{B45D5269-6CF2-4C8C-A125-7AF6F7DD8491}.Debug|Any CPU.ActiveCfg = Debug|Any CPU
		{B45D5269-6CF2-4C8C-A125-7AF6F7DD8491}.Debug|Any CPU.Build.0 = Debug|Any CPU
		{B45D5269-6CF2-4C8C-A125-7AF6F7DD8491}.Release|Any CPU.ActiveCfg = Release|Any CPU
		{B45D5269-6CF2-4C8C-A125-7AF6F7DD8491}.Release|Any CPU.Build.0 = Release|Any CPU
		{ABDE0978-3616-402A-AFEF-C08DDB4EE703}.Debug|Any CPU.ActiveCfg = Debug|Any CPU
		{ABDE0978-3616-402A-AFEF-C08DDB4EE703}.Debug|Any CPU.Build.0 = Debug|Any CPU
		{ABDE0978-3616-402A-AFEF-C08DDB4EE703}.Release|Any CPU.ActiveCfg = Release|Any CPU
		{ABDE0978-3616-402A-AFEF-C08DDB4EE703}.Release|Any CPU.Build.0 = Release|Any CPU
	EndGlobalSection
	GlobalSection(SolutionProperties) = preSolution
		HideSolutionNode = FALSE
	EndGlobalSection
	GlobalSection(ExtensibilityGlobals) = postSolution
		SolutionGuid = {7491AF32-A71B-4AAB-86A8-97DC9A452BB0}
	EndGlobalSection
EndGlobal
